
Microsoft Visual Studio Solution File, Format Version 12.00
# Visual Studio Version 17
VisualStudioVersion = 17.10.34928.147
MinimumVisualStudioVersion = 10.0.40219.1
Project("{FAE04EC0-301F-11D3-BF4B-00C04F79EFBC}") = "Workly", "Workly.csproj", "{19F182F8-1A1C-435A-9F0D-ABDAE7E535BF}"
EndProject
Global
	GlobalSection(SolutionConfigurationPlatforms) = preSolution
		Debug|Any CPU = Debug|Any CPU
		Debug|ARM = Debug|ARM
		Debug|ARM64 = Debug|ARM64
		Debug|x64 = Debug|x64
		Debug|x86 = Debug|x86
		Release|Any CPU = Release|Any CPU
		Release|ARM = Release|ARM
		Release|ARM64 = Release|ARM64
		Release|x64 = Release|x64
		Release|x86 = Release|x86
	EndGlobalSection
	GlobalSection(ProjectConfigurationPlatforms) = postSolution
		{19F182F8-1A1C-435A-9F0D-ABDAE7E535BF}.Debug|Any CPU.ActiveCfg = Debug|x64
		{19F182F8-1A1C-435A-9F0D-ABDAE7E535BF}.Debug|Any CPU.Build.0 = Debug|x64
		{19F182F8-1A1C-435A-9F0D-ABDAE7E535BF}.Debug|Any CPU.Deploy.0 = Debug|x64
		{19F182F8-1A1C-435A-9F0D-ABDAE7E535BF}.Debug|ARM.ActiveCfg = Debug|x64
		{19F182F8-1A1C-435A-9F0D-ABDAE7E535BF}.Debug|ARM.Build.0 = Debug|x64
		{19F182F8-1A1C-435A-9F0D-ABDAE7E535BF}.Debug|ARM.Deploy.0 = Debug|x64
		{19F182F8-1A1C-435A-9F0D-ABDAE7E535BF}.Debug|ARM64.ActiveCfg = Debug|ARM64
		{19F182F8-1A1C-435A-9F0D-ABDAE7E535BF}.Debug|ARM64.Build.0 = Debug|ARM64
		{19F182F8-1A1C-435A-9F0D-ABDAE7E535BF}.Debug|ARM64.Deploy.0 = Debug|ARM64
		{19F182F8-1A1C-435A-9F0D-ABDAE7E535BF}.Debug|x64.ActiveCfg = Debug|x64
		{19F182F8-1A1C-435A-9F0D-ABDAE7E535BF}.Debug|x64.Build.0 = Debug|x64
		{19F182F8-1A1C-435A-9F0D-ABDAE7E535BF}.Debug|x64.Deploy.0 = Debug|x64
		{19F182F8-1A1C-435A-9F0D-ABDAE7E535BF}.Debug|x86.ActiveCfg = Debug|x86
		{19F182F8-1A1C-435A-9F0D-ABDAE7E535BF}.Debug|x86.Build.0 = Debug|x86
		{19F182F8-1A1C-435A-9F0D-ABDAE7E535BF}.Debug|x86.Deploy.0 = Debug|x86
		{19F182F8-1A1C-435A-9F0D-ABDAE7E535BF}.Release|Any CPU.ActiveCfg = Release|x64
		{19F182F8-1A1C-435A-9F0D-ABDAE7E535BF}.Release|Any CPU.Build.0 = Release|x64
		{19F182F8-1A1C-435A-9F0D-ABDAE7E535BF}.Release|Any CPU.Deploy.0 = Release|x64
		{19F182F8-1A1C-435A-9F0D-ABDAE7E535BF}.Release|ARM.ActiveCfg = Release|x64
		{19F182F8-1A1C-435A-9F0D-ABDAE7E535BF}.Release|ARM.Build.0 = Release|x64
		{19F182F8-1A1C-435A-9F0D-ABDAE7E535BF}.Release|ARM.Deploy.0 = Release|x64
		{19F182F8-1A1C-435A-9F0D-ABDAE7E535BF}.Release|ARM64.ActiveCfg = Release|ARM64
		{19F182F8-1A1C-435A-9F0D-ABDAE7E535BF}.Release|ARM64.Build.0 = Release|ARM64
		{19F182F8-1A1C-435A-9F0D-ABDAE7E535BF}.Release|ARM64.Deploy.0 = Release|ARM64
		{19F182F8-1A1C-435A-9F0D-ABDAE7E535BF}.Release|x64.ActiveCfg = Release|x64
		{19F182F8-1A1C-435A-9F0D-ABDAE7E535BF}.Release|x64.Build.0 = Release|x64
		{19F182F8-1A1C-435A-9F0D-ABDAE7E535BF}.Release|x64.Deploy.0 = Release|x64
		{19F182F8-1A1C-435A-9F0D-ABDAE7E535BF}.Release|x86.ActiveCfg = Release|x86
		{19F182F8-1A1C-435A-9F0D-ABDAE7E535BF}.Release|x86.Build.0 = Release|x86
		{19F182F8-1A1C-435A-9F0D-ABDAE7E535BF}.Release|x86.Deploy.0 = Release|x86
	EndGlobalSection
	GlobalSection(SolutionProperties) = preSolution
		HideSolutionNode = FALSE
	EndGlobalSection
	GlobalSection(ExtensibilityGlobals) = postSolution
		SolutionGuid = {504CAA32-829E-4D3A-857C-1821D2D4475C}
	EndGlobalSection
EndGlobal
